{
  "name": "my-cli",
  "version": "1.0.0",
  "lockfileVersion": 3,
  "requires": true,
  "packages": {
    "": {
      "name": "my-cli",
      "version": "1.0.0",
      "license": "ISC",
      "dependencies": {
        "my-cli": "file:my-cli-1.0.0.tgz"
      },
      "bin": {
        "mycli": "index.js"
      }
    },
    "node_modules/my-cli": {
      "version": "1.0.0",
      "resolved": "file:my-cli-1.0.0.tgz",
      "integrity": "sha512-3CKA66Y32wTP761NOl6iko5EK5PKQgzHMwFlhvR3ZFTsBYyh+K6HOznr/5/1PnL6uy34wkAX/AcecAq7A4ZCHQ==",
      "license": "ISC",
      "bin": {
        "mycli": "index.js"
      }
    }
  }
}
